// !$*UTF8*$!
{
	archiveVersion = 1;
	classes = {
	};
	objectVersion = 56;
	objects = {

/* Begin PBXBuildFile section */
		C75CA4262B6DCE6C00E7E287 /* CoursesTableViewCell.swift in Sources */ = {isa = PBXBuildFile; fileRef = C75CA4252B6DCE6C00E7E287 /* CoursesTableViewCell.swift */; };
		C75CA4282B6E312500E7E287 /* CoursesViewController.swift in Sources */ = {isa = PBXBuildFile; fileRef = C75CA4272B6E312400E7E287 /* CoursesViewController.swift */; };
		C75CA42B2B6E454300E7E287 /* Section.swift in Sources */ = {isa = PBXBuildFile; fileRef = C75CA42A2B6E454300E7E287 /* Section.swift */; };
		C77550952B6933540091A064 /* Course.swift in Sources */ = {isa = PBXBuildFile; fileRef = C77550942B6933540091A064 /* Course.swift */; };
		C7886FAD2B5F2A6100AAB08C /* AppDelegate.swift in Sources */ = {isa = PBXBuildFile; fileRef = C7886FAC2B5F2A6100AAB08C /* AppDelegate.swift */; };
		C7886FAF2B5F2A6100AAB08C /* SceneDelegate.swift in Sources */ = {isa = PBXBuildFile; fileRef = C7886FAE2B5F2A6100AAB08C /* SceneDelegate.swift */; };
		C7886FB12B5F2A6100AAB08C /* FeaturedViewController.swift in Sources */ = {isa = PBXBuildFile; fileRef = C7886FB02B5F2A6100AAB08C /* FeaturedViewController.swift */; };
		C7886FB42B5F2A6100AAB08C /* Main.storyboard in Resources */ = {isa = PBXBuildFile; fileRef = C7886FB22B5F2A6100AAB08C /* Main.storyboard */; };
		C7886FB62B5F2A6200AAB08C /* Assets.xcassets in Resources */ = {isa = PBXBuildFile; fileRef = C7886FB52B5F2A6200AAB08C /* Assets.xcassets */; };
		C7886FB92B5F2A6200AAB08C /* LaunchScreen.storyboard in Resources */ = {isa = PBXBuildFile; fileRef = C7886FB72B5F2A6200AAB08C /* LaunchScreen.storyboard */; };
		C78C2A302B648CDD00BEE17A /* CustomBlurView.swift in Sources */ = {isa = PBXBuildFile; fileRef = C78C2A2C2B648CDD00BEE17A /* CustomBlurView.swift */; };
		C78C2A312B648CDD00BEE17A /* CustomUIView.swift in Sources */ = {isa = PBXBuildFile; fileRef = C78C2A2D2B648CDD00BEE17A /* CustomUIView.swift */; };
		C78C2A322B648CDD00BEE17A /* Font.swift in Sources */ = {isa = PBXBuildFile; fileRef = C78C2A2E2B648CDD00BEE17A /* Font.swift */; };
		C78C2A332B648CDD00BEE17A /* CustomImageView.swift in Sources */ = {isa = PBXBuildFile; fileRef = C78C2A2F2B648CDD00BEE17A /* CustomImageView.swift */; };
		C7B026502B6623DF007545B1 /* HandbookCollectionViewCell.swift in Sources */ = {isa = PBXBuildFile; fileRef = C7B0264F2B6623DF007545B1 /* HandbookCollectionViewCell.swift */; };
/* End PBXBuildFile section */

/* Begin PBXFileReference section */
		C75CA4252B6DCE6C00E7E287 /* CoursesTableViewCell.swift */ = {isa = PBXFileReference; lastKnownFileType = sourcecode.swift; path = CoursesTableViewCell.swift; sourceTree = "<group>"; };
		C75CA4272B6E312400E7E287 /* CoursesViewController.swift */ = {isa = PBXFileReference; lastKnownFileType = sourcecode.swift; path = CoursesViewController.swift; sourceTree = "<group>"; };
		C75CA42A2B6E454300E7E287 /* Section.swift */ = {isa = PBXFileReference; lastKnownFileType = sourcecode.swift; path = Section.swift; sourceTree = "<group>"; };
		C77550942B6933540091A064 /* Course.swift */ = {isa = PBXFileReference; lastKnownFileType = sourcecode.swift; path = Course.swift; sourceTree = "<group>"; };
		C7886FA92B5F2A6100AAB08C /* Design+codeUIKit1.app */ = {isa = PBXFileReference; explicitFileType = wrapper.application; includeInIndex = 0; path = "Design+codeUIKit1.app"; sourceTree = BUILT_PRODUCTS_DIR; };
		C7886FAC2B5F2A6100AAB08C /* AppDelegate.swift */ = {isa = PBXFileReference; lastKnownFileType = sourcecode.swift; path = AppDelegate.swift; sourceTree = "<group>"; };
		C7886FAE2B5F2A6100AAB08C /* SceneDelegate.swift */ = {isa = PBXFileReference; lastKnownFileType = sourcecode.swift; path = SceneDelegate.swift; sourceTree = "<group>"; };
		C7886FB02B5F2A6100AAB08C /* FeaturedViewController.swift */ = {isa = PBXFileReference; lastKnownFileType = sourcecode.swift; path = FeaturedViewController.swift; sourceTree = "<group>"; };
		C7886FB32B5F2A6100AAB08C /* Base */ = {isa = PBXFileReference; lastKnownFileType = file.storyboard; name = Base; path = Base.lproj/Main.storyboard; sourceTree = "<group>"; };
		C7886FB52B5F2A6200AAB08C /* Assets.xcassets */ = {isa = PBXFileReference; lastKnownFileType = folder.assetcatalog; path = Assets.xcassets; sourceTree = "<group>"; };
		C7886FB82B5F2A6200AAB08C /* Base */ = {isa = PBXFileReference; lastKnownFileType = file.storyboard; name = Base; path = Base.lproj/LaunchScreen.storyboard; sourceTree = "<group>"; };
		C7886FBA2B5F2A6200AAB08C /* Info.plist */ = {isa = PBXFileReference; lastKnownFileType = text.plist.xml; path = Info.plist; sourceTree = "<group>"; };
		C78C2A2C2B648CDD00BEE17A /* CustomBlurView.swift */ = {isa = PBXFileReference; fileEncoding = 4; lastKnownFileType = sourcecode.swift; path = CustomBlurView.swift; sourceTree = "<group>"; };
		C78C2A2D2B648CDD00BEE17A /* CustomUIView.swift */ = {isa = PBXFileReference; fileEncoding = 4; lastKnownFileType = sourcecode.swift; path = CustomUIView.swift; sourceTree = "<group>"; };
		C78C2A2E2B648CDD00BEE17A /* Font.swift */ = {isa = PBXFileReference; fileEncoding = 4; lastKnownFileType = sourcecode.swift; path = Font.swift; sourceTree = "<group>"; };
		C78C2A2F2B648CDD00BEE17A /* CustomImageView.swift */ = {isa = PBXFileReference; fileEncoding = 4; lastKnownFileType = sourcecode.swift; path = CustomImageView.swift; sourceTree = "<group>"; };
		C7B0264F2B6623DF007545B1 /* HandbookCollectionViewCell.swift */ = {isa = PBXFileReference; lastKnownFileType = sourcecode.swift; path = HandbookCollectionViewCell.swift; sourceTree = "<group>"; };
/* End PBXFileReference section */

/* Begin PBXFrameworksBuildPhase section */
		C7886FA62B5F2A6100AAB08C /* Frameworks */ = {
			isa = PBXFrameworksBuildPhase;
			buildActionMask = 2147483647;
			files = (
			);
			runOnlyForDeploymentPostprocessing = 0;
		};
/* End PBXFrameworksBuildPhase section */

/* Begin PBXGroup section */
		C75CA4242B6DCAFC00E7E287 /* View */ = {
			isa = PBXGroup;
			children = (
				C7B0264F2B6623DF007545B1 /* HandbookCollectionViewCell.swift */,
				C75CA4252B6DCE6C00E7E287 /* CoursesTableViewCell.swift */,
			);
			path = View;
			sourceTree = "<group>";
		};
		C75CA4292B6E312B00E7E287 /* ViewController */ = {
			isa = PBXGroup;
			children = (
				C7886FB02B5F2A6100AAB08C /* FeaturedViewController.swift */,
				C75CA4272B6E312400E7E287 /* CoursesViewController.swift */,
			);
			path = ViewController;
			sourceTree = "<group>";
		};
		C7886FA02B5F2A6100AAB08C = {
			isa = PBXGroup;
			children = (
				C7886FAB2B5F2A6100AAB08C /* Design+codeUIKit1 */,
				C7886FAA2B5F2A6100AAB08C /* Products */,
			);
			sourceTree = "<group>";
		};
		C7886FAA2B5F2A6100AAB08C /* Products */ = {
			isa = PBXGroup;
			children = (
				C7886FA92B5F2A6100AAB08C /* Design+codeUIKit1.app */,
			);
			name = Products;
			sourceTree = "<group>";
		};
		C7886FAB2B5F2A6100AAB08C /* Design+codeUIKit1 */ = {
			isa = PBXGroup;
			children = (
				C78C2A2B2B648CDD00BEE17A /* Helpers */,
				C7886FAC2B5F2A6100AAB08C /* AppDelegate.swift */,
				C7886FAE2B5F2A6100AAB08C /* SceneDelegate.swift */,
				C75CA4292B6E312B00E7E287 /* ViewController */,
				C75CA4242B6DCAFC00E7E287 /* View */,
				C7886FB22B5F2A6100AAB08C /* Main.storyboard */,
				C77550942B6933540091A064 /* Course.swift */,
				C75CA42A2B6E454300E7E287 /* Section.swift */,
				C7886FB52B5F2A6200AAB08C /* Assets.xcassets */,
				C7886FB72B5F2A6200AAB08C /* LaunchScreen.storyboard */,
				C7886FBA2B5F2A6200AAB08C /* Info.plist */,
			);
			path = "Design+codeUIKit1";
			sourceTree = "<group>";
		};
		C78C2A2B2B648CDD00BEE17A /* Helpers */ = {
			isa = PBXGroup;
			children = (
				C78C2A2C2B648CDD00BEE17A /* CustomBlurView.swift */,
				C78C2A2D2B648CDD00BEE17A /* CustomUIView.swift */,
				C78C2A2E2B648CDD00BEE17A /* Font.swift */,
				C78C2A2F2B648CDD00BEE17A /* CustomImageView.swift */,
			);
			path = Helpers;
			sourceTree = "<group>";
		};
/* End PBXGroup section */

/* Begin PBXNativeTarget section */
		C7886FA82B5F2A6100AAB08C /* Design+codeUIKit1 */ = {
			isa = PBXNativeTarget;
			buildConfigurationList = C7886FBD2B5F2A6200AAB08C /* Build configuration list for PBXNativeTarget "Design+codeUIKit1" */;
			buildPhases = (
				C7886FA52B5F2A6100AAB08C /* Sources */,
				C7886FA62B5F2A6100AAB08C /* Frameworks */,
				C7886FA72B5F2A6100AAB08C /* Resources */,
			);
			buildRules = (
			);
			dependencies = (
			);
			name = "Design+codeUIKit1";
			productName = "Design+codeUIKit1";
			productReference = C7886FA92B5F2A6100AAB08C /* Design+codeUIKit1.app */;
			productType = "com.apple.product-type.application";
		};
/* End PBXNativeTarget section */

/* Begin PBXProject section */
		C7886FA12B5F2A6100AAB08C /* Project object */ = {
			isa = PBXProject;
			attributes = {
				BuildIndependentTargetsInParallel = 1;
				LastSwiftUpdateCheck = 1510;
				LastUpgradeCheck = 1510;
				TargetAttributes = {
					C7886FA82B5F2A6100AAB08C = {
						CreatedOnToolsVersion = 15.1;
					};
				};
			};
			buildConfigurationList = C7886FA42B5F2A6100AAB08C /* Build configuration list for PBXProject "Design+codeUIKit1" */;
			compatibilityVersion = "Xcode 14.0";
			developmentRegion = en;
			hasScannedForEncodings = 0;
			knownRegions = (
				en,
				Base,
			);
			mainGroup = C7886FA02B5F2A6100AAB08C;
			productRefGroup = C7886FAA2B5F2A6100AAB08C /* Products */;
			projectDirPath = "";
			projectRoot = "";
			targets = (
				C7886FA82B5F2A6100AAB08C /* Design+codeUIKit1 */,
			);
		};
/* End PBXProject section */

/* Begin PBXResourcesBuildPhase section */
		C7886FA72B5F2A6100AAB08C /* Resources */ = {
			isa = PBXResourcesBuildPhase;
			buildActionMask = 2147483647;
			files = (
				C7886FB92B5F2A6200AAB08C /* LaunchScreen.storyboard in Resources */,
				C7886FB62B5F2A6200AAB08C /* Assets.xcassets in Resources */,
				C7886FB42B5F2A6100AAB08C /* Main.storyboard in Resources */,
			);
			runOnlyForDeploymentPostprocessing = 0;
		};
/* End PBXResourcesBuildPhase section */

/* Begin PBXSourcesBuildPhase section */
		C7886FA52B5F2A6100AAB08C /* Sources */ = {
			isa = PBXSourcesBuildPhase;
			buildActionMask = 2147483647;
			files = (
				C77550952B6933540091A064 /* Course.swift in Sources */,
				C7B026502B6623DF007545B1 /* HandbookCollectionViewCell.swift in Sources */,
				C75CA4282B6E312500E7E287 /* CoursesViewController.swift in Sources */,
				C7886FB12B5F2A6100AAB08C /* FeaturedViewController.swift in Sources */,
				C78C2A312B648CDD00BEE17A /* CustomUIView.swift in Sources */,
				C78C2A322B648CDD00BEE17A /* Font.swift in Sources */,
				C78C2A332B648CDD00BEE17A /* CustomImageView.swift in Sources */,
				C7886FAD2B5F2A6100AAB08C /* AppDelegate.swift in Sources */,
				C78C2A302B648CDD00BEE17A /* CustomBlurView.swift in Sources */,
				C75CA42B2B6E454300E7E287 /* Section.swift in Sources */,
				C75CA4262B6DCE6C00E7E287 /* CoursesTableViewCell.swift in Sources */,
				C7886FAF2B5F2A6100AAB08C /* SceneDelegate.swift in Sources */,
			);
			runOnlyForDeploymentPostprocessing = 0;
		};
/* End PBXSourcesBuildPhase section */

/* Begin PBXVariantGroup section */
		C7886FB22B5F2A6100AAB08C /* Main.storyboard */ = {
			isa = PBXVariantGroup;
			children = (
				C7886FB32B5F2A6100AAB08C /* Base */,
			);
			name = Main.storyboard;
			sourceTree = "<group>";
		};
		C7886FB72B5F2A6200AAB08C /* LaunchScreen.storyboard */ = {
			isa = PBXVariantGroup;
			children = (
				C7886FB82B5F2A6200AAB08C /* Base */,
			);
			name = LaunchScreen.storyboard;
			sourceTree = "<group>";
		};
/* End PBXVariantGroup section */

/* Begin XCBuildConfiguration section */
		C7886FBB2B5F2A6200AAB08C /* Debug */ = {
			isa = XCBuildConfiguration;
			buildSettings = {
				ALWAYS_SEARCH_USER_PATHS = NO;
				ASSETCATALOG_COMPILER_GENERATE_SWIFT_ASSET_SYMBOL_EXTENSIONS = YES;
				CLANG_ANALYZER_NONNULL = YES;
				CLANG_ANALYZER_NUMBER_OBJECT_CONVERSION = YES_AGGRESSIVE;
				CLANG_CXX_LANGUAGE_STANDARD = "gnu++20";
				CLANG_ENABLE_MODULES = YES;
				CLANG_ENABLE_OBJC_ARC = YES;
				CLANG_ENABLE_OBJC_WEAK = YES;
				CLANG_WARN_BLOCK_CAPTURE_AUTORELEASING = YES;
				CLANG_WARN_BOOL_CONVERSION = YES;
				CLANG_WARN_COMMA = YES;
				CLANG_WARN_CONSTANT_CONVERSION = YES;
				CLANG_WARN_DEPRECATED_OBJC_IMPLEMENTATIONS = YES;
				CLANG_WARN_DIRECT_OBJC_ISA_USAGE = YES_ERROR;
				CLANG_WARN_DOCUMENTATION_COMMENTS = YES;
				CLANG_WARN_EMPTY_BODY = YES;
				CLANG_WARN_ENUM_CONVERSION = YES;
				CLANG_WARN_INFINITE_RECURSION = YES;
				CLANG_WARN_INT_CONVERSION = YES;
				CLANG_WARN_NON_LITERAL_NULL_CONVERSION = YES;
				CLANG_WARN_OBJC_IMPLICIT_RETAIN_SELF = YES;
				CLANG_WARN_OBJC_LITERAL_CONVERSION = YES;
				CLANG_WARN_OBJC_ROOT_CLASS = YES_ERROR;
				CLANG_WARN_QUOTED_INCLUDE_IN_FRAMEWORK_HEADER = YES;
				CLANG_WARN_RANGE_LOOP_ANALYSIS = YES;
				CLANG_WARN_STRICT_PROTOTYPES = YES;
				CLANG_WARN_SUSPICIOUS_MOVE = YES;
				CLANG_WARN_UNGUARDED_AVAILABILITY = YES_AGGRESSIVE;
				CLANG_WARN_UNREACHABLE_CODE = YES;
				CLANG_WARN__DUPLICATE_METHOD_MATCH = YES;
				COPY_PHASE_STRIP = NO;
				DEBUG_INFORMATION_FORMAT = dwarf;
				ENABLE_STRICT_OBJC_MSGSEND = YES;
				ENABLE_TESTABILITY = YES;
				ENABLE_USER_SCRIPT_SANDBOXING = YES;
				GCC_C_LANGUAGE_STANDARD = gnu17;
				GCC_DYNAMIC_NO_PIC = NO;
				GCC_NO_COMMON_BLOCKS = YES;
				GCC_OPTIMIZATION_LEVEL = 0;
				GCC_PREPROCESSOR_DEFINITIONS = (
					"DEBUG=1",
					"$(inherited)",
				);
				GCC_WARN_64_TO_32_BIT_CONVERSION = YES;
				GCC_WARN_ABOUT_RETURN_TYPE = YES_ERROR;
				GCC_WARN_UNDECLARED_SELECTOR = YES;
				GCC_WARN_UNINITIALIZED_AUTOS = YES_AGGRESSIVE;
				GCC_WARN_UNUSED_FUNCTION = YES;
				GCC_WARN_UNUSED_VARIABLE = YES;
				IPHONEOS_DEPLOYMENT_TARGET = 17.2;
				LOCALIZATION_PREFERS_STRING_CATALOGS = YES;
				MTL_ENABLE_DEBUG_INFO = INCLUDE_SOURCE;
				MTL_FAST_MATH = YES;
				ONLY_ACTIVE_ARCH = YES;
				SDKROOT = iphoneos;
				SWIFT_ACTIVE_COMPILATION_CONDITIONS = "DEBUG $(inherited)";
				SWIFT_OPTIMIZATION_LEVEL = "-Onone";
			};
			name = Debug;
		};
		C7886FBC2B5F2A6200AAB08C /* Release */ = {
			isa = XCBuildConfiguration;
			buildSettings = {
				ALWAYS_SEARCH_USER_PATHS = NO;
				ASSETCATALOG_COMPILER_GENERATE_SWIFT_ASSET_SYMBOL_EXTENSIONS = YES;
				CLANG_ANALYZER_NONNULL = YES;
				CLANG_ANALYZER_NUMBER_OBJECT_CONVERSION = YES_AGGRESSIVE;
				CLANG_CXX_LANGUAGE_STANDARD = "gnu++20";
				CLANG_ENABLE_MODULES = YES;
				CLANG_ENABLE_OBJC_ARC = YES;
				CLANG_ENABLE_OBJC_WEAK = YES;
				CLANG_WARN_BLOCK_CAPTURE_AUTORELEASING = YES;
				CLANG_WARN_BOOL_CONVERSION = YES;
				CLANG_WARN_COMMA = YES;
				CLANG_WARN_CONSTANT_CONVERSION = YES;
				CLANG_WARN_DEPRECATED_OBJC_IMPLEMENTATIONS = YES;
				CLANG_WARN_DIRECT_OBJC_ISA_USAGE = YES_ERROR;
				CLANG_WARN_DOCUMENTATION_COMMENTS = YES;
				CLANG_WARN_EMPTY_BODY = YES;
				CLANG_WARN_ENUM_CONVERSION = YES;
				CLANG_WARN_INFINITE_RECURSION = YES;
				CLANG_WARN_INT_CONVERSION = YES;
				CLANG_WARN_NON_LITERAL_NULL_CONVERSION = YES;
				CLANG_WARN_OBJC_IMPLICIT_RETAIN_SELF = YES;
				CLANG_WARN_OBJC_LITERAL_CONVERSION = YES;
				CLANG_WARN_OBJC_ROOT_CLASS = YES_ERROR;
				CLANG_WARN_QUOTED_INCLUDE_IN_FRAMEWORK_HEADER = YES;
				CLANG_WARN_RANGE_LOOP_ANALYSIS = YES;
				CLANG_WARN_STRICT_PROTOTYPES = YES;
				CLANG_WARN_SUSPICIOUS_MOVE = YES;
				CLANG_WARN_UNGUARDED_AVAILABILITY = YES_AGGRESSIVE;
				CLANG_WARN_UNREACHABLE_CODE = YES;
				CLANG_WARN__DUPLICATE_METHOD_MATCH = YES;
				COPY_PHASE_STRIP = NO;
				DEBUG_INFORMATION_FORMAT = "dwarf-with-dsym";
				ENABLE_NS_ASSERTIONS = NO;
				ENABLE_STRICT_OBJC_MSGSEND = YES;
				ENABLE_USER_SCRIPT_SANDBOXING = YES;
				GCC_C_LANGUAGE_STANDARD = gnu17;
				GCC_NO_COMMON_BLOCKS = YES;
				GCC_WARN_64_TO_32_BIT_CONVERSION = YES;
				GCC_WARN_ABOUT_RETURN_TYPE = YES_ERROR;
				GCC_WARN_UNDECLARED_SELECTOR = YES;
				GCC_WARN_UNINITIALIZED_AUTOS = YES_AGGRESSIVE;
				GCC_WARN_UNUSED_FUNCTION = YES;
				GCC_WARN_UNUSED_VARIABLE = YES;
				IPHONEOS_DEPLOYMENT_TARGET = 17.2;
				LOCALIZATION_PREFERS_STRING_CATALOGS = YES;
				MTL_ENABLE_DEBUG_INFO = NO;
				MTL_FAST_MATH = YES;
				SDKROOT = iphoneos;
				SWIFT_COMPILATION_MODE = wholemodule;
				VALIDATE_PRODUCT = YES;
			};
			name = Release;
		};
		C7886FBE2B5F2A6200AAB08C /* Debug */ = {
			isa = XCBuildConfiguration;
			buildSettings = {
				ASSETCATALOG_COMPILER_APPICON_NAME = AppIcon;
				ASSETCATALOG_COMPILER_GLOBAL_ACCENT_COLOR_NAME = AccentColor;
				CODE_SIGN_STYLE = Automatic;
				CURRENT_PROJECT_VERSION = 1;
				DEVELOPMENT_TEAM = 8BG588F6G9;
				GENERATE_INFOPLIST_FILE = YES;
				INFOPLIST_FILE = "Design+codeUIKit1/Info.plist";
				INFOPLIST_KEY_UIApplicationSupportsIndirectInputEvents = YES;
				INFOPLIST_KEY_UILaunchStoryboardName = LaunchScreen;
				INFOPLIST_KEY_UIMainStoryboardFile = Main;
				INFOPLIST_KEY_UISupportedInterfaceOrientations_iPad = "UIInterfaceOrientationPortrait UIInterfaceOrientationPortraitUpsideDown UIInterfaceOrientationLandscapeLeft UIInterfaceOrientationLandscapeRight";
				INFOPLIST_KEY_UISupportedInterfaceOrientations_iPhone = "UIInterfaceOrientationPortrait UIInterfaceOrientationLandscapeLeft UIInterfaceOrientationLandscapeRight";
				IPHONEOS_DEPLOYMENT_TARGET = 16.0;
				LD_RUNPATH_SEARCH_PATHS = (
					"$(inherited)",
					"@executable_path/Frameworks",
				);
				MARKETING_VERSION = 1.0;
				PRODUCT_BUNDLE_IDENTIFIER = "com.igarashi.Design-codeUIKit1";
				PRODUCT_NAME = "$(TARGET_NAME)";
				SWIFT_EMIT_LOC_STRINGS = YES;
				SWIFT_VERSION = 5.0;
				TARGETED_DEVICE_FAMILY = "1,2";
			};
			name = Debug;
		};
		C7886FBF2B5F2A6200AAB08C /* Release */ = {
			isa = XCBuildConfiguration;
			buildSettings = {
				ASSETCATALOG_COMPILER_APPICON_NAME = AppIcon;
				ASSETCATALOG_COMPILER_GLOBAL_ACCENT_COLOR_NAME = AccentColor;
				CODE_SIGN_STYLE = Automatic;
				CURRENT_PROJECT_VERSION = 1;
				DEVELOPMENT_TEAM = 8BG588F6G9;
				GENERATE_INFOPLIST_FILE = YES;
				INFOPLIST_FILE = "Design+codeUIKit1/Info.plist";
				INFOPLIST_KEY_UIApplicationSupportsIndirectInputEvents = YES;
				INFOPLIST_KEY_UILaunchStoryboardName = LaunchScreen;
				INFOPLIST_KEY_UIMainStoryboardFile = Main;
				INFOPLIST_KEY_UISupportedInterfaceOrientations_iPad = "UIInterfaceOrientationPortrait UIInterfaceOrientationPortraitUpsideDown UIInterfaceOrientationLandscapeLeft UIInterfaceOrientationLandscapeRight";
				INFOPLIST_KEY_UISupportedInterfaceOrientations_iPhone = "UIInterfaceOrientationPortrait UIInterfaceOrientationLandscapeLeft UIInterfaceOrientationLandscapeRight";
				IPHONEOS_DEPLOYMENT_TARGET = 16.0;
				LD_RUNPATH_SEARCH_PATHS = (
					"$(inherited)",
					"@executable_path/Frameworks",
				);
				MARKETING_VERSION = 1.0;
				PRODUCT_BUNDLE_IDENTIFIER = "com.igarashi.Design-codeUIKit1";
				PRODUCT_NAME = "$(TARGET_NAME)";
				SWIFT_EMIT_LOC_STRINGS = YES;
				SWIFT_VERSION = 5.0;
				TARGETED_DEVICE_FAMILY = "1,2";
			};
			name = Release;
		};
/* End XCBuildConfiguration section */

/* Begin XCConfigurationList section */
		C7886FA42B5F2A6100AAB08C /* Build configuration list for PBXProject "Design+codeUIKit1" */ = {
			isa = XCConfigurationList;
			buildConfigurations = (
				C7886FBB2B5F2A6200AAB08C /* Debug */,
				C7886FBC2B5F2A6200AAB08C /* Release */,
			);
			defaultConfigurationIsVisible = 0;
			defaultConfigurationName = Release;
		};
		C7886FBD2B5F2A6200AAB08C /* Build configuration list for PBXNativeTarget "Design+codeUIKit1" */ = {
			isa = XCConfigurationList;
			buildConfigurations = (
				C7886FBE2B5F2A6200AAB08C /* Debug */,
				C7886FBF2B5F2A6200AAB08C /* Release */,
			);
			defaultConfigurationIsVisible = 0;
			defaultConfigurationName = Release;
		};
/* End XCConfigurationList section */
	};
	rootObject = C7886FA12B5F2A6100AAB08C /* Project object */;
}
